
Microsoft Visual Studio Solution File, Format Version 12.00
# Visual Studio Version 17
VisualStudioVersion = 17.9.34728.123
MinimumVisualStudioVersion = 10.0.40219.1
Project("{FAE04EC0-301F-11D3-BF4B-00C04F79EFBC}") = "ShowTableInDataGridView", "ShowTableInDataGridView\ShowTableInDataGridView.csproj", "{5E3AA97E-632F-43CD-9050-49A3B6F39294}"
EndProject
Global
	GlobalSection(SolutionConfigurationPlatforms) = preSolution
		Debug|Any CPU = Debug|Any CPU
		Release|Any CPU = Release|Any CPU
	EndGlobalSection
	GlobalSection(ProjectConfigurationPlatforms) = postSolution
		{5E3AA97E-632F-43CD-9050-49A3B6F39294}.Debug|Any CPU.ActiveCfg = Debug|Any CPU
		{5E3AA97E-632F-43CD-9050-49A3B6F39294}.Debug|Any CPU.Build.0 = Debug|Any CPU
		{5E3AA97E-632F-43CD-9050-49A3B6F39294}.Release|Any CPU.ActiveCfg = Release|Any CPU
		{5E3AA97E-632F-43CD-9050-49A3B6F39294}.Release|Any CPU.Build.0 = Release|Any CPU
	EndGlobalSection
	GlobalSection(SolutionProperties) = preSolution
		HideSolutionNode = FALSE
	EndGlobalSection
	GlobalSection(ExtensibilityGlobals) = postSolution
		SolutionGuid = {F67A7C0F-A98E-4E1D-8999-44F4E350F0B6}
	EndGlobalSection
EndGlobal
